{
    "name": "cobalt",
    "lockfileVersion": 3,
    "requires": true,
    "packages": {
        "": {
            "name": "cobalt",
            "dependencies": {
                "pnpm": "^10.32.1"
            },
            "engines": {
                "pnpm": ">=9"
            }
        },
        "node_modules/pnpm": {
            "version": "10.32.1",
            "resolved": "https://registry.npmjs.org/pnpm/-/pnpm-10.32.1.tgz",
            "integrity": "sha512-pwaTjw6JrBRWtlY+q07fHR+vM2jRGR/FxZeQ6W3JGORFarLmfWE94QQ9LoyB+HMD5rQNT/7KnfFe8a1Wc0jyvg==",
            "license": "MIT",
            "bin": {
                "pnpm": "bin/pnpm.cjs",
                "pnpx": "bin/pnpx.cjs"
            },
            "engines": {
                "node": ">=18.12"
            },
            "funding": {
                "url": "https://opencollective.com/pnpm"
            }
        }
    }
}
